
Microsoft Visual Studio Solution File, Format Version 12.00
# Visual Studio Version 17
VisualStudioVersion = 17.8.34330.188
MinimumVisualStudioVersion = 10.0.40219.1
Project("{FAE04EC0-301F-11D3-BF4B-00C04F79EFBC}") = "MySQLDB", "MySQLDB.csproj", "{AC4BA7A0-425A-4E37-891A-3497873EC130}"
EndProject
Global
	GlobalSection(SolutionConfigurationPlatforms) = preSolution
		Debug|Any CPU = Debug|Any CPU
		Release|Any CPU = Release|Any CPU
	EndGlobalSection
	GlobalSection(ProjectConfigurationPlatforms) = postSolution
		{AC4BA7A0-425A-4E37-891A-3497873EC130}.Debug|Any CPU.ActiveCfg = Debug|Any CPU
		{AC4BA7A0-425A-4E37-891A-3497873EC130}.Debug|Any CPU.Build.0 = Debug|Any CPU
		{AC4BA7A0-425A-4E37-891A-3497873EC130}.Release|Any CPU.ActiveCfg = Release|Any CPU
		{AC4BA7A0-425A-4E37-891A-3497873EC130}.Release|Any CPU.Build.0 = Release|Any CPU
	EndGlobalSection
	GlobalSection(SolutionProperties) = preSolution
		HideSolutionNode = FALSE
	EndGlobalSection
	GlobalSection(ExtensibilityGlobals) = postSolution
		SolutionGuid = {2100AB5D-F296-4A0F-A8F3-A54C4944F749}
	EndGlobalSection
EndGlobal
